
Microsoft Visual Studio Solution File, Format Version 12.00
# Visual Studio Version 17
VisualStudioVersion = 17.13.35825.156
MinimumVisualStudioVersion = 10.0.40219.1
Project("{2150E333-8FDC-42A3-9474-1A3956D46DE8}") = "Aspire", "Aspire", "{02EA681E-C7D8-13C7-8484-4AC65E1B71E8}"
EndProject
Project("{2150E333-8FDC-42A3-9474-1A3956D46DE8}") = "Tests", "Tests", "{114FF6E4-B403-4141-AC33-09D4F97C30A1}"
EndProject
Project("{FAE04EC0-301F-11D3-BF4B-00C04F79EFBC}") = "HexMaster.MemeIt.Aspire.AppHost", "Aspire\HexMaster.MemeIt.Aspire\HexMaster.MemeIt.Aspire.AppHost\HexMaster.MemeIt.Aspire.AppHost.csproj", "{6DA244ED-159E-486F-98F1-049ADD0EC122}"
EndProject
Project("{FAE04EC0-301F-11D3-BF4B-00C04F79EFBC}") = "HexMaster.MemeIt.Aspire.ServiceDefaults", "Aspire\HexMaster.MemeIt.Aspire\HexMaster.MemeIt.Aspire.ServiceDefaults\HexMaster.MemeIt.Aspire.ServiceDefaults.csproj", "{2338C606-C563-E986-E875-DC33E36A4910}"
EndProject
Project("{2150E333-8FDC-42A3-9474-1A3956D46DE8}") = "Backend Services", "Backend Services", "{E72B4C13-C49C-43C4-9826-A15A62522B37}"
EndProject
Project("{FAE04EC0-301F-11D3-BF4B-00C04F79EFBC}") = "HexMaster.MemeIt.OrleansServer", "Server\HexMaster.MemeIt.OrleansServer\HexMaster.MemeIt.OrleansServer.csproj", "{36B1A4AB-D6DA-3624-1C9E-4E3E459C9265}"
EndProject
Project("{FAE04EC0-301F-11D3-BF4B-00C04F79EFBC}") = "HexMaster.MemeIt.Api", "Server\HexMaster.MemeIt.Api\HexMaster.MemeIt.Api.csproj", "{340AC892-FE90-3C5E-832D-A5FC7B66A788}"
EndProject
Project("{FAE04EC0-301F-11D3-BF4B-00C04F79EFBC}") = "HexMaster.MemeIt.Games.Abstractions", "Games\HexMaster.MemeIt.Games.Abstractions\HexMaster.MemeIt.Games.Abstractions.csproj", "{E8840BA7-54FA-4C58-82A7-A54D876EC5BF}"
EndProject
Project("{FAE04EC0-301F-11D3-BF4B-00C04F79EFBC}") = "HexMaster.MemeIt.Games", "Games\HexMaster.MemeIt.Games\HexMaster.MemeIt.Games.csproj", "{0FAC54F1-C111-47DD-B72D-F4214C99C6BC}"
EndProject
Global
	GlobalSection(SolutionConfigurationPlatforms) = preSolution
		Debug|Any CPU = Debug|Any CPU
		Release|Any CPU = Release|Any CPU
	EndGlobalSection
	GlobalSection(ProjectConfigurationPlatforms) = postSolution
		{6DA244ED-159E-486F-98F1-049ADD0EC122}.Debug|Any CPU.ActiveCfg = Debug|Any CPU
		{6DA244ED-159E-486F-98F1-049ADD0EC122}.Debug|Any CPU.Build.0 = Debug|Any CPU
		{6DA244ED-159E-486F-98F1-049ADD0EC122}.Release|Any CPU.ActiveCfg = Release|Any CPU
		{6DA244ED-159E-486F-98F1-049ADD0EC122}.Release|Any CPU.Build.0 = Release|Any CPU
		{2338C606-C563-E986-E875-DC33E36A4910}.Debug|Any CPU.ActiveCfg = Debug|Any CPU
		{2338C606-C563-E986-E875-DC33E36A4910}.Debug|Any CPU.Build.0 = Debug|Any CPU
		{2338C606-C563-E986-E875-DC33E36A4910}.Release|Any CPU.ActiveCfg = Release|Any CPU
		{2338C606-C563-E986-E875-DC33E36A4910}.Release|Any CPU.Build.0 = Release|Any CPU
		{36B1A4AB-D6DA-3624-1C9E-4E3E459C9265}.Debug|Any CPU.ActiveCfg = Debug|Any CPU
		{36B1A4AB-D6DA-3624-1C9E-4E3E459C9265}.Debug|Any CPU.Build.0 = Debug|Any CPU
		{36B1A4AB-D6DA-3624-1C9E-4E3E459C9265}.Release|Any CPU.ActiveCfg = Release|Any CPU
		{36B1A4AB-D6DA-3624-1C9E-4E3E459C9265}.Release|Any CPU.Build.0 = Release|Any CPU
		{340AC892-FE90-3C5E-832D-A5FC7B66A788}.Debug|Any CPU.ActiveCfg = Debug|Any CPU
		{340AC892-FE90-3C5E-832D-A5FC7B66A788}.Debug|Any CPU.Build.0 = Debug|Any CPU
		{340AC892-FE90-3C5E-832D-A5FC7B66A788}.Release|Any CPU.ActiveCfg = Release|Any CPU
		{340AC892-FE90-3C5E-832D-A5FC7B66A788}.Release|Any CPU.Build.0 = Release|Any CPU
		{E8840BA7-54FA-4C58-82A7-A54D876EC5BF}.Debug|Any CPU.ActiveCfg = Debug|Any CPU
		{E8840BA7-54FA-4C58-82A7-A54D876EC5BF}.Debug|Any CPU.Build.0 = Debug|Any CPU
		{E8840BA7-54FA-4C58-82A7-A54D876EC5BF}.Release|Any CPU.ActiveCfg = Release|Any CPU
		{E8840BA7-54FA-4C58-82A7-A54D876EC5BF}.Release|Any CPU.Build.0 = Release|Any CPU
		{0FAC54F1-C111-47DD-B72D-F4214C99C6BC}.Debug|Any CPU.ActiveCfg = Debug|Any CPU
		{0FAC54F1-C111-47DD-B72D-F4214C99C6BC}.Debug|Any CPU.Build.0 = Debug|Any CPU
		{0FAC54F1-C111-47DD-B72D-F4214C99C6BC}.Release|Any CPU.ActiveCfg = Release|Any CPU
		{0FAC54F1-C111-47DD-B72D-F4214C99C6BC}.Release|Any CPU.Build.0 = Release|Any CPU
	EndGlobalSection
	GlobalSection(SolutionProperties) = preSolution
		HideSolutionNode = FALSE
	EndGlobalSection
	GlobalSection(NestedProjects) = preSolution
		{6DA244ED-159E-486F-98F1-049ADD0EC122} = {02EA681E-C7D8-13C7-8484-4AC65E1B71E8}
		{2338C606-C563-E986-E875-DC33E36A4910} = {02EA681E-C7D8-13C7-8484-4AC65E1B71E8}
		{36B1A4AB-D6DA-3624-1C9E-4E3E459C9265} = {E72B4C13-C49C-43C4-9826-A15A62522B37}
		{340AC892-FE90-3C5E-832D-A5FC7B66A788} = {E72B4C13-C49C-43C4-9826-A15A62522B37}
		{E8840BA7-54FA-4C58-82A7-A54D876EC5BF} = {E72B4C13-C49C-43C4-9826-A15A62522B37}
		{0FAC54F1-C111-47DD-B72D-F4214C99C6BC} = {E72B4C13-C49C-43C4-9826-A15A62522B37}
	EndGlobalSection
	GlobalSection(ExtensibilityGlobals) = postSolution
		SolutionGuid = {3FA8742D-AF0F-4B42-AE76-C98DF348E68B}
	EndGlobalSection
EndGlobal
