
Microsoft Visual Studio Solution File, Format Version 12.00
# Visual Studio Version 17
VisualStudioVersion = 17.13.35825.156
MinimumVisualStudioVersion = 10.0.40219.1
Project("{FAE04EC0-301F-11D3-BF4B-00C04F79EFBC}") = "MemeIt.Aspire.AppHost", "Aspire\MemeIt.Aspire\MemeIt.Aspire.AppHost\MemeIt.Aspire.AppHost.csproj", "{C08C47A2-7155-450D-8D4C-89808D3EC762}"
EndProject
Project("{FAE04EC0-301F-11D3-BF4B-00C04F79EFBC}") = "MemeIt.Aspire.ServiceDefaults", "Aspire\MemeIt.Aspire\MemeIt.Aspire.ServiceDefaults\MemeIt.Aspire.ServiceDefaults.csproj", "{0DB02602-CEF2-F7C8-95B8-86E2CB173968}"
EndProject
Project("{FAE04EC0-301F-11D3-BF4B-00C04F79EFBC}") = "MemeIt.Api", "Api\MemeIt.Api\MemeIt.Api.csproj", "{23D5792F-94C5-BE75-C61D-1FA275545681}"
EndProject
Project("{2150E333-8FDC-42A3-9474-1A3956D46DE8}") = "Aspire", "Aspire", "{02EA681E-C7D8-13C7-8484-4AC65E1B71E8}"
EndProject
Project("{2150E333-8FDC-42A3-9474-1A3956D46DE8}") = "Api", "Api", "{824A5127-4E60-4C5B-8E67-521313D78D34}"
EndProject
Project("{FAE04EC0-301F-11D3-BF4B-00C04F79EFBC}") = "MemeIt.Core", "Api\MemeIt.Core\MemeIt.Core.csproj", "{FAB6D32C-E2E7-4DB3-A073-06FF98B28660}"
EndProject
Project("{FAE04EC0-301F-11D3-BF4B-00C04F79EFBC}") = "MemeIt.Users", "Api\MemeIt.Users\MemeIt.Users.csproj", "{F46B7BD8-9D6B-47AD-B365-3349AA97EA97}"
EndProject
Project("{FAE04EC0-301F-11D3-BF4B-00C04F79EFBC}") = "MemeIt.Games", "Api\MemeIt.Games\MemeIt.Games.csproj", "{CDC07B01-F931-4D47-8C7A-4F06814BEF56}"
EndProject
Project("{2150E333-8FDC-42A3-9474-1A3956D46DE8}") = "Tests", "Tests", "{114FF6E4-B403-4141-AC33-09D4F97C30A1}"
EndProject
Project("{FAE04EC0-301F-11D3-BF4B-00C04F79EFBC}") = "MemeIt.Core.Tests", "Tests\MemeIt.Core.Tests\MemeIt.Core.Tests.csproj", "{8765FAB6-7A15-4B83-B24C-3A050825E741}"
EndProject
Project("{FAE04EC0-301F-11D3-BF4B-00C04F79EFBC}") = "MemeIt.Users.Tests", "Tests\MemeIt.Users.Tests\MemeIt.Users.Tests.csproj", "{FB3F1252-858F-4B98-A5BE-CA6EDFB3D04C}"
EndProject
Project("{FAE04EC0-301F-11D3-BF4B-00C04F79EFBC}") = "MemeIt.Games.Tests", "Tests\MemeIt.Games.Tests\MemeIt.Games.Tests.csproj", "{0F521B5D-51AB-49AB-B601-2B319F8D7697}"
EndProject
Global
	GlobalSection(SolutionConfigurationPlatforms) = preSolution
		Debug|Any CPU = Debug|Any CPU
		Release|Any CPU = Release|Any CPU
	EndGlobalSection
	GlobalSection(ProjectConfigurationPlatforms) = postSolution
		{C08C47A2-7155-450D-8D4C-89808D3EC762}.Debug|Any CPU.ActiveCfg = Debug|Any CPU
		{C08C47A2-7155-450D-8D4C-89808D3EC762}.Debug|Any CPU.Build.0 = Debug|Any CPU
		{C08C47A2-7155-450D-8D4C-89808D3EC762}.Release|Any CPU.ActiveCfg = Release|Any CPU
		{C08C47A2-7155-450D-8D4C-89808D3EC762}.Release|Any CPU.Build.0 = Release|Any CPU
		{0DB02602-CEF2-F7C8-95B8-86E2CB173968}.Debug|Any CPU.ActiveCfg = Debug|Any CPU
		{0DB02602-CEF2-F7C8-95B8-86E2CB173968}.Debug|Any CPU.Build.0 = Debug|Any CPU
		{0DB02602-CEF2-F7C8-95B8-86E2CB173968}.Release|Any CPU.ActiveCfg = Release|Any CPU
		{0DB02602-CEF2-F7C8-95B8-86E2CB173968}.Release|Any CPU.Build.0 = Release|Any CPU
		{23D5792F-94C5-BE75-C61D-1FA275545681}.Debug|Any CPU.ActiveCfg = Debug|Any CPU
		{23D5792F-94C5-BE75-C61D-1FA275545681}.Debug|Any CPU.Build.0 = Debug|Any CPU
		{23D5792F-94C5-BE75-C61D-1FA275545681}.Release|Any CPU.ActiveCfg = Release|Any CPU
		{23D5792F-94C5-BE75-C61D-1FA275545681}.Release|Any CPU.Build.0 = Release|Any CPU
		{FAB6D32C-E2E7-4DB3-A073-06FF98B28660}.Debug|Any CPU.ActiveCfg = Debug|Any CPU
		{FAB6D32C-E2E7-4DB3-A073-06FF98B28660}.Debug|Any CPU.Build.0 = Debug|Any CPU
		{FAB6D32C-E2E7-4DB3-A073-06FF98B28660}.Release|Any CPU.ActiveCfg = Release|Any CPU
		{FAB6D32C-E2E7-4DB3-A073-06FF98B28660}.Release|Any CPU.Build.0 = Release|Any CPU
		{F46B7BD8-9D6B-47AD-B365-3349AA97EA97}.Debug|Any CPU.ActiveCfg = Debug|Any CPU
		{F46B7BD8-9D6B-47AD-B365-3349AA97EA97}.Debug|Any CPU.Build.0 = Debug|Any CPU
		{F46B7BD8-9D6B-47AD-B365-3349AA97EA97}.Release|Any CPU.ActiveCfg = Release|Any CPU
		{F46B7BD8-9D6B-47AD-B365-3349AA97EA97}.Release|Any CPU.Build.0 = Release|Any CPU
		{CDC07B01-F931-4D47-8C7A-4F06814BEF56}.Debug|Any CPU.ActiveCfg = Debug|Any CPU
		{CDC07B01-F931-4D47-8C7A-4F06814BEF56}.Debug|Any CPU.Build.0 = Debug|Any CPU
		{CDC07B01-F931-4D47-8C7A-4F06814BEF56}.Release|Any CPU.ActiveCfg = Release|Any CPU
		{CDC07B01-F931-4D47-8C7A-4F06814BEF56}.Release|Any CPU.Build.0 = Release|Any CPU
		{8765FAB6-7A15-4B83-B24C-3A050825E741}.Debug|Any CPU.ActiveCfg = Debug|Any CPU
		{8765FAB6-7A15-4B83-B24C-3A050825E741}.Debug|Any CPU.Build.0 = Debug|Any CPU
		{8765FAB6-7A15-4B83-B24C-3A050825E741}.Release|Any CPU.ActiveCfg = Release|Any CPU
		{8765FAB6-7A15-4B83-B24C-3A050825E741}.Release|Any CPU.Build.0 = Release|Any CPU
		{FB3F1252-858F-4B98-A5BE-CA6EDFB3D04C}.Debug|Any CPU.ActiveCfg = Debug|Any CPU
		{FB3F1252-858F-4B98-A5BE-CA6EDFB3D04C}.Debug|Any CPU.Build.0 = Debug|Any CPU
		{FB3F1252-858F-4B98-A5BE-CA6EDFB3D04C}.Release|Any CPU.ActiveCfg = Release|Any CPU
		{FB3F1252-858F-4B98-A5BE-CA6EDFB3D04C}.Release|Any CPU.Build.0 = Release|Any CPU
		{0F521B5D-51AB-49AB-B601-2B319F8D7697}.Debug|Any CPU.ActiveCfg = Debug|Any CPU
		{0F521B5D-51AB-49AB-B601-2B319F8D7697}.Debug|Any CPU.Build.0 = Debug|Any CPU
		{0F521B5D-51AB-49AB-B601-2B319F8D7697}.Release|Any CPU.ActiveCfg = Release|Any CPU
		{0F521B5D-51AB-49AB-B601-2B319F8D7697}.Release|Any CPU.Build.0 = Release|Any CPU
	EndGlobalSection
	GlobalSection(SolutionProperties) = preSolution
		HideSolutionNode = FALSE
	EndGlobalSection
	GlobalSection(NestedProjects) = preSolution
		{C08C47A2-7155-450D-8D4C-89808D3EC762} = {02EA681E-C7D8-13C7-8484-4AC65E1B71E8}
		{0DB02602-CEF2-F7C8-95B8-86E2CB173968} = {02EA681E-C7D8-13C7-8484-4AC65E1B71E8}
		{23D5792F-94C5-BE75-C61D-1FA275545681} = {824A5127-4E60-4C5B-8E67-521313D78D34}
		{FAB6D32C-E2E7-4DB3-A073-06FF98B28660} = {824A5127-4E60-4C5B-8E67-521313D78D34}
		{F46B7BD8-9D6B-47AD-B365-3349AA97EA97} = {824A5127-4E60-4C5B-8E67-521313D78D34}
		{CDC07B01-F931-4D47-8C7A-4F06814BEF56} = {824A5127-4E60-4C5B-8E67-521313D78D34}
		{8765FAB6-7A15-4B83-B24C-3A050825E741} = {114FF6E4-B403-4141-AC33-09D4F97C30A1}
		{FB3F1252-858F-4B98-A5BE-CA6EDFB3D04C} = {114FF6E4-B403-4141-AC33-09D4F97C30A1}
		{0F521B5D-51AB-49AB-B601-2B319F8D7697} = {114FF6E4-B403-4141-AC33-09D4F97C30A1}
	EndGlobalSection
	GlobalSection(ExtensibilityGlobals) = postSolution
		SolutionGuid = {3FA8742D-AF0F-4B42-AE76-C98DF348E68B}
	EndGlobalSection
EndGlobal
